
Microsoft Visual Studio Solution File, Format Version 12.00
# Visual Studio Version 17
VisualStudioVersion = 17.14.36623.8
MinimumVisualStudioVersion = 10.0.40219.1
Project("{2150E333-8FDC-42A3-9474-1A3956D46DE8}") = "Task0", "Task0", "{02EA681E-C7D8-13C7-8484-4AC65E1B71E8}"
EndProject
Project("{FAE04EC0-301F-11D3-BF4B-00C04F79EFBC}") = "Tyuiu.RogozinaMA.Sprint2.Task0.V25", "Tyuiu.RogozinaMA.Sprint2.Task0.V25\Tyuiu.RogozinaMA.Sprint2.Task0.V25.csproj", "{58004936-3064-423B-84D1-61453AA06F4C}"
EndProject
Project("{FAE04EC0-301F-11D3-BF4B-00C04F79EFBC}") = "Tyuiu.RogozinaMA.Sprint2.Task0.V25.Lib", "Tyuiu.RogozinaMA.Sprint2.Task0.V25.Lib\Tyuiu.RogozinaMA.Sprint2.Task0.V25.Lib.csproj", "{ECC2AF76-E170-421F-9E13-322A523612B8}"
EndProject
Project("{FAE04EC0-301F-11D3-BF4B-00C04F79EFBC}") = "Tyuiu.RogozinaMA.Sprint2.Task0.V25.Test", "Tyuiu.RogozinaMA.Sprint2.Task0.V25.Test\Tyuiu.RogozinaMA.Sprint2.Task0.V25.Test.csproj", "{B4D5F16C-1C85-44B3-9E2E-65081919438D}"
EndProject
Project("{2150E333-8FDC-42A3-9474-1A3956D46DE8}") = "Task1", "Task1", "{46DF0946-9DCF-43FD-9842-561A8292B6F2}"
EndProject
Project("{FAE04EC0-301F-11D3-BF4B-00C04F79EFBC}") = "Tyuiu.RogozinaMA.Sprint2.Task1.V22", "Tyuiu.RogozinaMA.Sprint2.Task1.V22\Tyuiu.RogozinaMA.Sprint2.Task1.V22.csproj", "{255EE615-13D4-4EAD-BD42-2A7B6AD22F7D}"
EndProject
Project("{FAE04EC0-301F-11D3-BF4B-00C04F79EFBC}") = "Tyuiu.RogozinaMA.Sprint2.Task1.V22.Lib", "Tyuiu.RogozinaMA.Sprint2.Task1.V22.Lib\Tyuiu.RogozinaMA.Sprint2.Task1.V22.Lib.csproj", "{DE8961FC-E264-435B-B7AA-E42729F8CB20}"
EndProject
Project("{FAE04EC0-301F-11D3-BF4B-00C04F79EFBC}") = "Tyuiu.RogozinaMA.Sprint2.Task1.V22.Test", "Tyuiu.RogozinaMA.Sprint2.Task1.V22.Test\Tyuiu.RogozinaMA.Sprint2.Task1.V22.Test.csproj", "{A22979C3-FDEC-4C5E-830B-14BF2470134D}"
EndProject
Project("{2150E333-8FDC-42A3-9474-1A3956D46DE8}") = "Task5", "Task5", "{AE13EF4E-E472-44D2-9FA6-9B161C2EF4C1}"
EndProject
Project("{FAE04EC0-301F-11D3-BF4B-00C04F79EFBC}") = "Tyuiu.RogozinaMA.Sprint2.Task5.V6", "Tyuiu.RogozinaMA.Sprint2.Task5.V6\Tyuiu.RogozinaMA.Sprint2.Task5.V6.csproj", "{D800ABB4-985E-4F20-B485-C6D65C1B4A55}"
EndProject
Project("{FAE04EC0-301F-11D3-BF4B-00C04F79EFBC}") = "Tyuiu.RogozinaMA.Sprint2.Task5.V6.Lib", "Tyuiu.RogozinaMA.Sprint2.Task5.V6.Lib\Tyuiu.RogozinaMA.Sprint2.Task5.V6.Lib.csproj", "{B23AE7F7-2305-4F26-BD32-3EC3E8D59FE3}"
EndProject
Project("{FAE04EC0-301F-11D3-BF4B-00C04F79EFBC}") = "Tyuiu.RogozinaMA.Sprint2.Task5.V6.Test", "Tyuiu.RogozinaMA.Sprint2.Task5.V6.Test\Tyuiu.RogozinaMA.Sprint2.Task5.V6.Test.csproj", "{E443D498-5BD9-4AC9-81DF-21DC1640290D}"
EndProject
Global
	GlobalSection(SolutionConfigurationPlatforms) = preSolution
		Debug|Any CPU = Debug|Any CPU
		Release|Any CPU = Release|Any CPU
	EndGlobalSection
	GlobalSection(ProjectConfigurationPlatforms) = postSolution
		{58004936-3064-423B-84D1-61453AA06F4C}.Debug|Any CPU.ActiveCfg = Debug|Any CPU
		{58004936-3064-423B-84D1-61453AA06F4C}.Debug|Any CPU.Build.0 = Debug|Any CPU
		{58004936-3064-423B-84D1-61453AA06F4C}.Release|Any CPU.ActiveCfg = Release|Any CPU
		{58004936-3064-423B-84D1-61453AA06F4C}.Release|Any CPU.Build.0 = Release|Any CPU
		{ECC2AF76-E170-421F-9E13-322A523612B8}.Debug|Any CPU.ActiveCfg = Debug|Any CPU
		{ECC2AF76-E170-421F-9E13-322A523612B8}.Debug|Any CPU.Build.0 = Debug|Any CPU
		{ECC2AF76-E170-421F-9E13-322A523612B8}.Release|Any CPU.ActiveCfg = Release|Any CPU
		{ECC2AF76-E170-421F-9E13-322A523612B8}.Release|Any CPU.Build.0 = Release|Any CPU
		{B4D5F16C-1C85-44B3-9E2E-65081919438D}.Debug|Any CPU.ActiveCfg = Debug|Any CPU
		{B4D5F16C-1C85-44B3-9E2E-65081919438D}.Debug|Any CPU.Build.0 = Debug|Any CPU
		{B4D5F16C-1C85-44B3-9E2E-65081919438D}.Release|Any CPU.ActiveCfg = Release|Any CPU
		{B4D5F16C-1C85-44B3-9E2E-65081919438D}.Release|Any CPU.Build.0 = Release|Any CPU
		{255EE615-13D4-4EAD-BD42-2A7B6AD22F7D}.Debug|Any CPU.ActiveCfg = Debug|Any CPU
		{255EE615-13D4-4EAD-BD42-2A7B6AD22F7D}.Debug|Any CPU.Build.0 = Debug|Any CPU
		{255EE615-13D4-4EAD-BD42-2A7B6AD22F7D}.Release|Any CPU.ActiveCfg = Release|Any CPU
		{255EE615-13D4-4EAD-BD42-2A7B6AD22F7D}.Release|Any CPU.Build.0 = Release|Any CPU
		{DE8961FC-E264-435B-B7AA-E42729F8CB20}.Debug|Any CPU.ActiveCfg = Debug|Any CPU
		{DE8961FC-E264-435B-B7AA-E42729F8CB20}.Debug|Any CPU.Build.0 = Debug|Any CPU
		{DE8961FC-E264-435B-B7AA-E42729F8CB20}.Release|Any CPU.ActiveCfg = Release|Any CPU
		{DE8961FC-E264-435B-B7AA-E42729F8CB20}.Release|Any CPU.Build.0 = Release|Any CPU
		{A22979C3-FDEC-4C5E-830B-14BF2470134D}.Debug|Any CPU.ActiveCfg = Debug|Any CPU
		{A22979C3-FDEC-4C5E-830B-14BF2470134D}.Debug|Any CPU.Build.0 = Debug|Any CPU
		{A22979C3-FDEC-4C5E-830B-14BF2470134D}.Release|Any CPU.ActiveCfg = Release|Any CPU
		{A22979C3-FDEC-4C5E-830B-14BF2470134D}.Release|Any CPU.Build.0 = Release|Any CPU
		{D800ABB4-985E-4F20-B485-C6D65C1B4A55}.Debug|Any CPU.ActiveCfg = Debug|Any CPU
		{D800ABB4-985E-4F20-B485-C6D65C1B4A55}.Debug|Any CPU.Build.0 = Debug|Any CPU
		{D800ABB4-985E-4F20-B485-C6D65C1B4A55}.Release|Any CPU.ActiveCfg = Release|Any CPU
		{D800ABB4-985E-4F20-B485-C6D65C1B4A55}.Release|Any CPU.Build.0 = Release|Any CPU
		{B23AE7F7-2305-4F26-BD32-3EC3E8D59FE3}.Debug|Any CPU.ActiveCfg = Debug|Any CPU
		{B23AE7F7-2305-4F26-BD32-3EC3E8D59FE3}.Debug|Any CPU.Build.0 = Debug|Any CPU
		{B23AE7F7-2305-4F26-BD32-3EC3E8D59FE3}.Release|Any CPU.ActiveCfg = Release|Any CPU
		{B23AE7F7-2305-4F26-BD32-3EC3E8D59FE3}.Release|Any CPU.Build.0 = Release|Any CPU
		{E443D498-5BD9-4AC9-81DF-21DC1640290D}.Debug|Any CPU.ActiveCfg = Debug|Any CPU
		{E443D498-5BD9-4AC9-81DF-21DC1640290D}.Debug|Any CPU.Build.0 = Debug|Any CPU
		{E443D498-5BD9-4AC9-81DF-21DC1640290D}.Release|Any CPU.ActiveCfg = Release|Any CPU
		{E443D498-5BD9-4AC9-81DF-21DC1640290D}.Release|Any CPU.Build.0 = Release|Any CPU
	EndGlobalSection
	GlobalSection(SolutionProperties) = preSolution
		HideSolutionNode = FALSE
	EndGlobalSection
	GlobalSection(NestedProjects) = preSolution
		{58004936-3064-423B-84D1-61453AA06F4C} = {02EA681E-C7D8-13C7-8484-4AC65E1B71E8}
		{ECC2AF76-E170-421F-9E13-322A523612B8} = {02EA681E-C7D8-13C7-8484-4AC65E1B71E8}
		{B4D5F16C-1C85-44B3-9E2E-65081919438D} = {02EA681E-C7D8-13C7-8484-4AC65E1B71E8}
		{255EE615-13D4-4EAD-BD42-2A7B6AD22F7D} = {46DF0946-9DCF-43FD-9842-561A8292B6F2}
		{DE8961FC-E264-435B-B7AA-E42729F8CB20} = {46DF0946-9DCF-43FD-9842-561A8292B6F2}
		{A22979C3-FDEC-4C5E-830B-14BF2470134D} = {46DF0946-9DCF-43FD-9842-561A8292B6F2}
		{D800ABB4-985E-4F20-B485-C6D65C1B4A55} = {AE13EF4E-E472-44D2-9FA6-9B161C2EF4C1}
		{B23AE7F7-2305-4F26-BD32-3EC3E8D59FE3} = {AE13EF4E-E472-44D2-9FA6-9B161C2EF4C1}
		{E443D498-5BD9-4AC9-81DF-21DC1640290D} = {AE13EF4E-E472-44D2-9FA6-9B161C2EF4C1}
	EndGlobalSection
	GlobalSection(ExtensibilityGlobals) = postSolution
		SolutionGuid = {29D67595-331A-467A-BCCE-C2B6563852DA}
	EndGlobalSection
EndGlobal
