
Microsoft Visual Studio Solution File, Format Version 12.00
# Visual Studio Version 17
VisualStudioVersion = 17.14.36623.8
MinimumVisualStudioVersion = 10.0.40219.1
Project("{2150E333-8FDC-42A3-9474-1A3956D46DE8}") = "Task0", "Task0", "{02EA681E-C7D8-13C7-8484-4AC65E1B71E8}"
EndProject
Project("{FAE04EC0-301F-11D3-BF4B-00C04F79EFBC}") = "Tyuiu.RogozinaMA.Sprint2.Task0.V25", "Tyuiu.RogozinaMA.Sprint2.Task0.V25\Tyuiu.RogozinaMA.Sprint2.Task0.V25.csproj", "{58004936-3064-423B-84D1-61453AA06F4C}"
EndProject
Project("{FAE04EC0-301F-11D3-BF4B-00C04F79EFBC}") = "Tyuiu.RogozinaMA.Sprint2.Task0.V25.Lib", "Tyuiu.RogozinaMA.Sprint2.Task0.V25.Lib\Tyuiu.RogozinaMA.Sprint2.Task0.V25.Lib.csproj", "{ECC2AF76-E170-421F-9E13-322A523612B8}"
EndProject
Project("{FAE04EC0-301F-11D3-BF4B-00C04F79EFBC}") = "Tyuiu.RogozinaMA.Sprint2.Task0.V25.Test", "Tyuiu.RogozinaMA.Sprint2.Task0.V25.Test\Tyuiu.RogozinaMA.Sprint2.Task0.V25.Test.csproj", "{B4D5F16C-1C85-44B3-9E2E-65081919438D}"
EndProject
Project("{2150E333-8FDC-42A3-9474-1A3956D46DE8}") = "Task1", "Task1", "{46DF0946-9DCF-43FD-9842-561A8292B6F2}"
EndProject
Project("{FAE04EC0-301F-11D3-BF4B-00C04F79EFBC}") = "Tyuiu.RogozinaMA.Sprint2.Task1.V22", "Tyuiu.RogozinaMA.Sprint2.Task1.V22\Tyuiu.RogozinaMA.Sprint2.Task1.V22.csproj", "{255EE615-13D4-4EAD-BD42-2A7B6AD22F7D}"
EndProject
Project("{FAE04EC0-301F-11D3-BF4B-00C04F79EFBC}") = "Tyuiu.RogozinaMA.Sprint2.Task1.V22.Lib", "Tyuiu.RogozinaMA.Sprint2.Task1.V22.Lib\Tyuiu.RogozinaMA.Sprint2.Task1.V22.Lib.csproj", "{DE8961FC-E264-435B-B7AA-E42729F8CB20}"
EndProject
Project("{FAE04EC0-301F-11D3-BF4B-00C04F79EFBC}") = "Tyuiu.RogozinaMA.Sprint2.Task1.V22.Test", "Tyuiu.RogozinaMA.Sprint2.Task1.V22.Test\Tyuiu.RogozinaMA.Sprint2.Task1.V22.Test.csproj", "{A22979C3-FDEC-4C5E-830B-14BF2470134D}"
EndProject
Project("{2150E333-8FDC-42A3-9474-1A3956D46DE8}") = "Task5", "Task5", "{53079CF3-F5E6-4E74-8DCD-3BFAD525CA11}"
EndProject
Project("{FAE04EC0-301F-11D3-BF4B-00C04F79EFBC}") = "Tyuiu.RogozinaMA.Sprint2.Task5.V6", "Tyuiu.RogozinaMA.Sprint2.Task5.V6\Tyuiu.RogozinaMA.Sprint2.Task5.V6.csproj", "{F0A73B28-3118-4519-B02E-B93787EA44A2}"
EndProject
Project("{FAE04EC0-301F-11D3-BF4B-00C04F79EFBC}") = "Tyuiu.RogozinaMA.Sprint2.Task5.V6.Lib", "Tyuiu.RogozinaMA.Sprint2.Task5.V6.Lib\Tyuiu.RogozinaMA.Sprint2.Task5.V6.Lib.csproj", "{39468572-E916-4B2F-9E87-0FE111708FAA}"
EndProject
Project("{FAE04EC0-301F-11D3-BF4B-00C04F79EFBC}") = "Tyuiu.RogozinaMA.Sprint2.Task5.V6.Test", "Tyuiu.RogozinaMA.Sprint2.Task5.V6.Test\Tyuiu.RogozinaMA.Sprint2.Task5.V6.Test.csproj", "{5570836C-958E-4CC8-A244-2813CEA4CAC1}"
EndProject
Project("{2150E333-8FDC-42A3-9474-1A3956D46DE8}") = "Task2", "Task2", "{354B1FD0-273B-4BA4-9D3D-DE46435137B5}"
EndProject
Project("{FAE04EC0-301F-11D3-BF4B-00C04F79EFBC}") = "Tyuiu.RogozinaMA.Sprint2.Task2.V8.", "Tyuiu.RogozinaMA.Sprint2.Task2.V8\Tyuiu.RogozinaMA.Sprint2.Task2.V8..csproj", "{CD126946-B3E8-4D07-A6BE-507F1F692AF3}"
EndProject
Project("{FAE04EC0-301F-11D3-BF4B-00C04F79EFBC}") = "Tyuiu.RogozinaMA.Sprint2.Task2.V8.Lib", "Tyuiu.RogozinaMA.Sprint2.Task2.V8.Lib\Tyuiu.RogozinaMA.Sprint2.Task2.V8.Lib.csproj", "{01D1985D-68F6-4F40-952C-027D01C35FD8}"
EndProject
Project("{FAE04EC0-301F-11D3-BF4B-00C04F79EFBC}") = "Tyuiu.RogozinaMA.Sprint2.Task2.V8.Test", "Tyuiu.RogozinaMA.Sprint2.Task2.V8.Test\Tyuiu.RogozinaMA.Sprint2.Task2.V8.Test.csproj", "{1E060A3C-B01F-4ACA-9C8E-0B5BB01B7324}"
EndProject
Project("{2150E333-8FDC-42A3-9474-1A3956D46DE8}") = "Task3", "Task3", "{CB8BDBF7-6766-4675-89F6-B62698FDC39C}"
EndProject
Project("{FAE04EC0-301F-11D3-BF4B-00C04F79EFBC}") = "Tyuiu.RogozinaMA.Sprint2.Task3.V13", "Tyuiu.RogozinaMA.Sprint2.Task3.V13\Tyuiu.RogozinaMA.Sprint2.Task3.V13.csproj", "{843B3E54-530F-4E23-BD9A-3F395DADCE79}"
EndProject
Project("{FAE04EC0-301F-11D3-BF4B-00C04F79EFBC}") = "Tyuiu.RogozinaMA.Sprint2.Task3.V13.Lib", "Tyuiu.RogozinaMA.Sprint2.Task3.V13.Lib\Tyuiu.RogozinaMA.Sprint2.Task3.V13.Lib.csproj", "{B689CF23-FF62-42F4-A577-7A4EAA36C373}"
EndProject
Project("{FAE04EC0-301F-11D3-BF4B-00C04F79EFBC}") = "Tyuiu.RogozinaMA.Sprint2.Task3.V13.Test", "Tyuiu.RogozinaMA.Sprint2.Task3.V13.Test\Tyuiu.RogozinaMA.Sprint2.Task3.V13.Test.csproj", "{32FBA0A9-59A2-4594-A37A-BF97B8678227}"
EndProject
Project("{2150E333-8FDC-42A3-9474-1A3956D46DE8}") = "Task4", "Task4", "{E1627DE5-4371-4E4D-939B-415B0BFE77E4}"
EndProject
Project("{FAE04EC0-301F-11D3-BF4B-00C04F79EFBC}") = "Tyuiu.RogozinaMA.Sprint2.Task4.V2", "Tyuiu.RogozinaMA.Sprint2.Task4.V2\Tyuiu.RogozinaMA.Sprint2.Task4.V2.csproj", "{5F13C6DB-892E-43F9-A1D0-10EFC833C9A2}"
EndProject
Project("{FAE04EC0-301F-11D3-BF4B-00C04F79EFBC}") = "Tyuiu.RogozinaMA.Sprint2.Task4.V2.Lib", "Tyuiu.RogozinaMA.Sprint2.Task4.V2.Lib\Tyuiu.RogozinaMA.Sprint2.Task4.V2.Lib.csproj", "{E2DFD7F3-B85D-4739-9B0A-B725AF1A316A}"
EndProject
Project("{FAE04EC0-301F-11D3-BF4B-00C04F79EFBC}") = "Tyuiu.RogozinaMA.Sprint2.Task4.V2.Test", "Tyuiu.RogozinaMA.Sprint2.Task4.V2.Test\Tyuiu.RogozinaMA.Sprint2.Task4.V2.Test.csproj", "{029D45F2-F5D8-4D50-AE92-E282401B84BA}"
EndProject
Global
	GlobalSection(SolutionConfigurationPlatforms) = preSolution
		Debug|Any CPU = Debug|Any CPU
		Release|Any CPU = Release|Any CPU
	EndGlobalSection
	GlobalSection(ProjectConfigurationPlatforms) = postSolution
		{58004936-3064-423B-84D1-61453AA06F4C}.Debug|Any CPU.ActiveCfg = Debug|Any CPU
		{58004936-3064-423B-84D1-61453AA06F4C}.Debug|Any CPU.Build.0 = Debug|Any CPU
		{58004936-3064-423B-84D1-61453AA06F4C}.Release|Any CPU.ActiveCfg = Release|Any CPU
		{58004936-3064-423B-84D1-61453AA06F4C}.Release|Any CPU.Build.0 = Release|Any CPU
		{ECC2AF76-E170-421F-9E13-322A523612B8}.Debug|Any CPU.ActiveCfg = Debug|Any CPU
		{ECC2AF76-E170-421F-9E13-322A523612B8}.Debug|Any CPU.Build.0 = Debug|Any CPU
		{ECC2AF76-E170-421F-9E13-322A523612B8}.Release|Any CPU.ActiveCfg = Release|Any CPU
		{ECC2AF76-E170-421F-9E13-322A523612B8}.Release|Any CPU.Build.0 = Release|Any CPU
		{B4D5F16C-1C85-44B3-9E2E-65081919438D}.Debug|Any CPU.ActiveCfg = Debug|Any CPU
		{B4D5F16C-1C85-44B3-9E2E-65081919438D}.Debug|Any CPU.Build.0 = Debug|Any CPU
		{B4D5F16C-1C85-44B3-9E2E-65081919438D}.Release|Any CPU.ActiveCfg = Release|Any CPU
		{B4D5F16C-1C85-44B3-9E2E-65081919438D}.Release|Any CPU.Build.0 = Release|Any CPU
		{255EE615-13D4-4EAD-BD42-2A7B6AD22F7D}.Debug|Any CPU.ActiveCfg = Debug|Any CPU
		{255EE615-13D4-4EAD-BD42-2A7B6AD22F7D}.Debug|Any CPU.Build.0 = Debug|Any CPU
		{255EE615-13D4-4EAD-BD42-2A7B6AD22F7D}.Release|Any CPU.ActiveCfg = Release|Any CPU
		{255EE615-13D4-4EAD-BD42-2A7B6AD22F7D}.Release|Any CPU.Build.0 = Release|Any CPU
		{DE8961FC-E264-435B-B7AA-E42729F8CB20}.Debug|Any CPU.ActiveCfg = Debug|Any CPU
		{DE8961FC-E264-435B-B7AA-E42729F8CB20}.Debug|Any CPU.Build.0 = Debug|Any CPU
		{DE8961FC-E264-435B-B7AA-E42729F8CB20}.Release|Any CPU.ActiveCfg = Release|Any CPU
		{DE8961FC-E264-435B-B7AA-E42729F8CB20}.Release|Any CPU.Build.0 = Release|Any CPU
		{A22979C3-FDEC-4C5E-830B-14BF2470134D}.Debug|Any CPU.ActiveCfg = Debug|Any CPU
		{A22979C3-FDEC-4C5E-830B-14BF2470134D}.Debug|Any CPU.Build.0 = Debug|Any CPU
		{A22979C3-FDEC-4C5E-830B-14BF2470134D}.Release|Any CPU.ActiveCfg = Release|Any CPU
		{A22979C3-FDEC-4C5E-830B-14BF2470134D}.Release|Any CPU.Build.0 = Release|Any CPU
		{F0A73B28-3118-4519-B02E-B93787EA44A2}.Debug|Any CPU.ActiveCfg = Debug|Any CPU
		{F0A73B28-3118-4519-B02E-B93787EA44A2}.Debug|Any CPU.Build.0 = Debug|Any CPU
		{F0A73B28-3118-4519-B02E-B93787EA44A2}.Release|Any CPU.ActiveCfg = Release|Any CPU
		{F0A73B28-3118-4519-B02E-B93787EA44A2}.Release|Any CPU.Build.0 = Release|Any CPU
		{39468572-E916-4B2F-9E87-0FE111708FAA}.Debug|Any CPU.ActiveCfg = Debug|Any CPU
		{39468572-E916-4B2F-9E87-0FE111708FAA}.Debug|Any CPU.Build.0 = Debug|Any CPU
		{39468572-E916-4B2F-9E87-0FE111708FAA}.Release|Any CPU.ActiveCfg = Release|Any CPU
		{39468572-E916-4B2F-9E87-0FE111708FAA}.Release|Any CPU.Build.0 = Release|Any CPU
		{5570836C-958E-4CC8-A244-2813CEA4CAC1}.Debug|Any CPU.ActiveCfg = Debug|Any CPU
		{5570836C-958E-4CC8-A244-2813CEA4CAC1}.Debug|Any CPU.Build.0 = Debug|Any CPU
		{5570836C-958E-4CC8-A244-2813CEA4CAC1}.Release|Any CPU.ActiveCfg = Release|Any CPU
		{5570836C-958E-4CC8-A244-2813CEA4CAC1}.Release|Any CPU.Build.0 = Release|Any CPU
		{CD126946-B3E8-4D07-A6BE-507F1F692AF3}.Debug|Any CPU.ActiveCfg = Debug|Any CPU
		{CD126946-B3E8-4D07-A6BE-507F1F692AF3}.Debug|Any CPU.Build.0 = Debug|Any CPU
		{CD126946-B3E8-4D07-A6BE-507F1F692AF3}.Release|Any CPU.ActiveCfg = Release|Any CPU
		{CD126946-B3E8-4D07-A6BE-507F1F692AF3}.Release|Any CPU.Build.0 = Release|Any CPU
		{01D1985D-68F6-4F40-952C-027D01C35FD8}.Debug|Any CPU.ActiveCfg = Debug|Any CPU
		{01D1985D-68F6-4F40-952C-027D01C35FD8}.Debug|Any CPU.Build.0 = Debug|Any CPU
		{01D1985D-68F6-4F40-952C-027D01C35FD8}.Release|Any CPU.ActiveCfg = Release|Any CPU
		{01D1985D-68F6-4F40-952C-027D01C35FD8}.Release|Any CPU.Build.0 = Release|Any CPU
		{1E060A3C-B01F-4ACA-9C8E-0B5BB01B7324}.Debug|Any CPU.ActiveCfg = Debug|Any CPU
		{1E060A3C-B01F-4ACA-9C8E-0B5BB01B7324}.Debug|Any CPU.Build.0 = Debug|Any CPU
		{1E060A3C-B01F-4ACA-9C8E-0B5BB01B7324}.Release|Any CPU.ActiveCfg = Release|Any CPU
		{1E060A3C-B01F-4ACA-9C8E-0B5BB01B7324}.Release|Any CPU.Build.0 = Release|Any CPU
		{843B3E54-530F-4E23-BD9A-3F395DADCE79}.Debug|Any CPU.ActiveCfg = Debug|Any CPU
		{843B3E54-530F-4E23-BD9A-3F395DADCE79}.Debug|Any CPU.Build.0 = Debug|Any CPU
		{843B3E54-530F-4E23-BD9A-3F395DADCE79}.Release|Any CPU.ActiveCfg = Release|Any CPU
		{843B3E54-530F-4E23-BD9A-3F395DADCE79}.Release|Any CPU.Build.0 = Release|Any CPU
		{B689CF23-FF62-42F4-A577-7A4EAA36C373}.Debug|Any CPU.ActiveCfg = Debug|Any CPU
		{B689CF23-FF62-42F4-A577-7A4EAA36C373}.Debug|Any CPU.Build.0 = Debug|Any CPU
		{B689CF23-FF62-42F4-A577-7A4EAA36C373}.Release|Any CPU.ActiveCfg = Release|Any CPU
		{B689CF23-FF62-42F4-A577-7A4EAA36C373}.Release|Any CPU.Build.0 = Release|Any CPU
		{32FBA0A9-59A2-4594-A37A-BF97B8678227}.Debug|Any CPU.ActiveCfg = Debug|Any CPU
		{32FBA0A9-59A2-4594-A37A-BF97B8678227}.Debug|Any CPU.Build.0 = Debug|Any CPU
		{32FBA0A9-59A2-4594-A37A-BF97B8678227}.Release|Any CPU.ActiveCfg = Release|Any CPU
		{32FBA0A9-59A2-4594-A37A-BF97B8678227}.Release|Any CPU.Build.0 = Release|Any CPU
		{5F13C6DB-892E-43F9-A1D0-10EFC833C9A2}.Debug|Any CPU.ActiveCfg = Debug|Any CPU
		{5F13C6DB-892E-43F9-A1D0-10EFC833C9A2}.Debug|Any CPU.Build.0 = Debug|Any CPU
		{5F13C6DB-892E-43F9-A1D0-10EFC833C9A2}.Release|Any CPU.ActiveCfg = Release|Any CPU
		{5F13C6DB-892E-43F9-A1D0-10EFC833C9A2}.Release|Any CPU.Build.0 = Release|Any CPU
		{E2DFD7F3-B85D-4739-9B0A-B725AF1A316A}.Debug|Any CPU.ActiveCfg = Debug|Any CPU
		{E2DFD7F3-B85D-4739-9B0A-B725AF1A316A}.Debug|Any CPU.Build.0 = Debug|Any CPU
		{E2DFD7F3-B85D-4739-9B0A-B725AF1A316A}.Release|Any CPU.ActiveCfg = Release|Any CPU
		{E2DFD7F3-B85D-4739-9B0A-B725AF1A316A}.Release|Any CPU.Build.0 = Release|Any CPU
		{029D45F2-F5D8-4D50-AE92-E282401B84BA}.Debug|Any CPU.ActiveCfg = Debug|Any CPU
		{029D45F2-F5D8-4D50-AE92-E282401B84BA}.Debug|Any CPU.Build.0 = Debug|Any CPU
		{029D45F2-F5D8-4D50-AE92-E282401B84BA}.Release|Any CPU.ActiveCfg = Release|Any CPU
		{029D45F2-F5D8-4D50-AE92-E282401B84BA}.Release|Any CPU.Build.0 = Release|Any CPU
	EndGlobalSection
	GlobalSection(SolutionProperties) = preSolution
		HideSolutionNode = FALSE
	EndGlobalSection
	GlobalSection(NestedProjects) = preSolution
		{58004936-3064-423B-84D1-61453AA06F4C} = {02EA681E-C7D8-13C7-8484-4AC65E1B71E8}
		{ECC2AF76-E170-421F-9E13-322A523612B8} = {02EA681E-C7D8-13C7-8484-4AC65E1B71E8}
		{B4D5F16C-1C85-44B3-9E2E-65081919438D} = {02EA681E-C7D8-13C7-8484-4AC65E1B71E8}
		{255EE615-13D4-4EAD-BD42-2A7B6AD22F7D} = {46DF0946-9DCF-43FD-9842-561A8292B6F2}
		{DE8961FC-E264-435B-B7AA-E42729F8CB20} = {46DF0946-9DCF-43FD-9842-561A8292B6F2}
		{A22979C3-FDEC-4C5E-830B-14BF2470134D} = {46DF0946-9DCF-43FD-9842-561A8292B6F2}
		{F0A73B28-3118-4519-B02E-B93787EA44A2} = {53079CF3-F5E6-4E74-8DCD-3BFAD525CA11}
		{39468572-E916-4B2F-9E87-0FE111708FAA} = {53079CF3-F5E6-4E74-8DCD-3BFAD525CA11}
		{5570836C-958E-4CC8-A244-2813CEA4CAC1} = {53079CF3-F5E6-4E74-8DCD-3BFAD525CA11}
		{CD126946-B3E8-4D07-A6BE-507F1F692AF3} = {354B1FD0-273B-4BA4-9D3D-DE46435137B5}
		{01D1985D-68F6-4F40-952C-027D01C35FD8} = {354B1FD0-273B-4BA4-9D3D-DE46435137B5}
		{1E060A3C-B01F-4ACA-9C8E-0B5BB01B7324} = {354B1FD0-273B-4BA4-9D3D-DE46435137B5}
		{843B3E54-530F-4E23-BD9A-3F395DADCE79} = {CB8BDBF7-6766-4675-89F6-B62698FDC39C}
		{B689CF23-FF62-42F4-A577-7A4EAA36C373} = {CB8BDBF7-6766-4675-89F6-B62698FDC39C}
		{32FBA0A9-59A2-4594-A37A-BF97B8678227} = {CB8BDBF7-6766-4675-89F6-B62698FDC39C}
		{5F13C6DB-892E-43F9-A1D0-10EFC833C9A2} = {E1627DE5-4371-4E4D-939B-415B0BFE77E4}
		{E2DFD7F3-B85D-4739-9B0A-B725AF1A316A} = {E1627DE5-4371-4E4D-939B-415B0BFE77E4}
		{029D45F2-F5D8-4D50-AE92-E282401B84BA} = {E1627DE5-4371-4E4D-939B-415B0BFE77E4}
	EndGlobalSection
	GlobalSection(ExtensibilityGlobals) = postSolution
		SolutionGuid = {29D67595-331A-467A-BCCE-C2B6563852DA}
	EndGlobalSection
EndGlobal
